// !$*UTF8*$!
{
	archiveVersion = 1;
	classes = {
	};
	objectVersion = 55;
	objects = {

/* Begin PBXBuildFile section */
		FE85FC702840B20200A774CA /* ThirdViewController.swift in Sources */ = {isa = PBXBuildFile; fileRef = FE85FC6F2840B20200A774CA /* ThirdViewController.swift */; };
		FEE00479282C39D500436A96 /* AppDelegate.swift in Sources */ = {isa = PBXBuildFile; fileRef = FEE00478282C39D500436A96 /* AppDelegate.swift */; };
		FEE0047B282C39D500436A96 /* SceneDelegate.swift in Sources */ = {isa = PBXBuildFile; fileRef = FEE0047A282C39D500436A96 /* SceneDelegate.swift */; };
		FEE00480282C39D500436A96 /* Main.storyboard in Resources */ = {isa = PBXBuildFile; fileRef = FEE0047E282C39D500436A96 /* Main.storyboard */; };
		FEE00483282C39D500436A96 /* MatrixTrainingApp.xcdatamodeld in Sources */ = {isa = PBXBuildFile; fileRef = FEE00481282C39D500436A96 /* MatrixTrainingApp.xcdatamodeld */; };
		FEE00485282C39D700436A96 /* Assets.xcassets in Resources */ = {isa = PBXBuildFile; fileRef = FEE00484282C39D700436A96 /* Assets.xcassets */; };
		FEE00488282C39D700436A96 /* LaunchScreen.storyboard in Resources */ = {isa = PBXBuildFile; fileRef = FEE00486282C39D700436A96 /* LaunchScreen.storyboard */; };
		FEE00490282CE9C100436A96 /* SecondViewController.swift in Sources */ = {isa = PBXBuildFile; fileRef = FEE0048F282CE9C100436A96 /* SecondViewController.swift */; };
/* End PBXBuildFile section */

/* Begin PBXFileReference section */
		FE85FC6F2840B20200A774CA /* ThirdViewController.swift */ = {isa = PBXFileReference; lastKnownFileType = sourcecode.swift; path = ThirdViewController.swift; sourceTree = "<group>"; };
		FEE00475282C39D500436A96 /* MatrixTrainingApp.app */ = {isa = PBXFileReference; explicitFileType = wrapper.application; includeInIndex = 0; path = MatrixTrainingApp.app; sourceTree = BUILT_PRODUCTS_DIR; };
		FEE00478282C39D500436A96 /* AppDelegate.swift */ = {isa = PBXFileReference; lastKnownFileType = sourcecode.swift; path = AppDelegate.swift; sourceTree = "<group>"; };
		FEE0047A282C39D500436A96 /* SceneDelegate.swift */ = {isa = PBXFileReference; lastKnownFileType = sourcecode.swift; path = SceneDelegate.swift; sourceTree = "<group>"; };
		FEE0047F282C39D500436A96 /* Base */ = {isa = PBXFileReference; lastKnownFileType = file.storyboard; name = Base; path = Base.lproj/Main.storyboard; sourceTree = "<group>"; };
		FEE00482282C39D500436A96 /* MatrixTrainingApp.xcdatamodel */ = {isa = PBXFileReference; lastKnownFileType = wrapper.xcdatamodel; path = MatrixTrainingApp.xcdatamodel; sourceTree = "<group>"; };
		FEE00484282C39D700436A96 /* Assets.xcassets */ = {isa = PBXFileReference; lastKnownFileType = folder.assetcatalog; path = Assets.xcassets; sourceTree = "<group>"; };
		FEE00487282C39D700436A96 /* Base */ = {isa = PBXFileReference; lastKnownFileType = file.storyboard; name = Base; path = Base.lproj/LaunchScreen.storyboard; sourceTree = "<group>"; };
		FEE00489282C39D700436A96 /* Info.plist */ = {isa = PBXFileReference; lastKnownFileType = text.plist.xml; path = Info.plist; sourceTree = "<group>"; };
		FEE0048F282CE9C100436A96 /* SecondViewController.swift */ = {isa = PBXFileReference; lastKnownFileType = sourcecode.swift; path = SecondViewController.swift; sourceTree = "<group>"; };
/* End PBXFileReference section */

/* Begin PBXFrameworksBuildPhase section */
		FEE00472282C39D500436A96 /* Frameworks */ = {
			isa = PBXFrameworksBuildPhase;
			buildActionMask = 2147483647;
			files = (
			);
			runOnlyForDeploymentPostprocessing = 0;
		};
/* End PBXFrameworksBuildPhase section */

/* Begin PBXGroup section */
		FEE0046C282C39D500436A96 = {
			isa = PBXGroup;
			children = (
				FEE00477282C39D500436A96 /* MatrixTrainingApp */,
				FEE00476282C39D500436A96 /* Products */,
			);
			sourceTree = "<group>";
		};
		FEE00476282C39D500436A96 /* Products */ = {
			isa = PBXGroup;
			children = (
				FEE00475282C39D500436A96 /* MatrixTrainingApp.app */,
			);
			name = Products;
			sourceTree = "<group>";
		};
		FEE00477282C39D500436A96 /* MatrixTrainingApp */ = {
			isa = PBXGroup;
			children = (
				FEE00478282C39D500436A96 /* AppDelegate.swift */,
				FEE0047A282C39D500436A96 /* SceneDelegate.swift */,
				FEE0047E282C39D500436A96 /* Main.storyboard */,
				FEE0048F282CE9C100436A96 /* SecondViewController.swift */,
				FE85FC6F2840B20200A774CA /* ThirdViewController.swift */,
				FEE00484282C39D700436A96 /* Assets.xcassets */,
				FEE00486282C39D700436A96 /* LaunchScreen.storyboard */,
				FEE00489282C39D700436A96 /* Info.plist */,
				FEE00481282C39D500436A96 /* MatrixTrainingApp.xcdatamodeld */,
			);
			path = MatrixTrainingApp;
			sourceTree = "<group>";
		};
/* End PBXGroup section */

/* Begin PBXNativeTarget section */
		FEE00474282C39D500436A96 /* MatrixTrainingApp */ = {
			isa = PBXNativeTarget;
			buildConfigurationList = FEE0048C282C39D700436A96 /* Build configuration list for PBXNativeTarget "MatrixTrainingApp" */;
			buildPhases = (
				FEE00471282C39D500436A96 /* Sources */,
				FEE00472282C39D500436A96 /* Frameworks */,
				FEE00473282C39D500436A96 /* Resources */,
			);
			buildRules = (
			);
			dependencies = (
			);
			name = MatrixTrainingApp;
			productName = MatrixTrainingApp;
			productReference = FEE00475282C39D500436A96 /* MatrixTrainingApp.app */;
			productType = "com.apple.product-type.application";
		};
/* End PBXNativeTarget section */

/* Begin PBXProject section */
		FEE0046D282C39D500436A96 /* Project object */ = {
			isa = PBXProject;
			attributes = {
				BuildIndependentTargetsInParallel = 1;
				LastSwiftUpdateCheck = 1320;
				LastUpgradeCheck = 1320;
				TargetAttributes = {
					FEE00474282C39D500436A96 = {
						CreatedOnToolsVersion = 13.2.1;
					};
				};
			};
			buildConfigurationList = FEE00470282C39D500436A96 /* Build configuration list for PBXProject "MatrixTrainingApp" */;
			compatibilityVersion = "Xcode 13.0";
			developmentRegion = en;
			hasScannedForEncodings = 0;
			knownRegions = (
				en,
				Base,
			);
			mainGroup = FEE0046C282C39D500436A96;
			productRefGroup = FEE00476282C39D500436A96 /* Products */;
			projectDirPath = "";
			projectRoot = "";
			targets = (
				FEE00474282C39D500436A96 /* MatrixTrainingApp */,
			);
		};
/* End PBXProject section */

/* Begin PBXResourcesBuildPhase section */
		FEE00473282C39D500436A96 /* Resources */ = {
			isa = PBXResourcesBuildPhase;
			buildActionMask = 2147483647;
			files = (
				FEE00488282C39D700436A96 /* LaunchScreen.storyboard in Resources */,
				FEE00485282C39D700436A96 /* Assets.xcassets in Resources */,
				FEE00480282C39D500436A96 /* Main.storyboard in Resources */,
			);
			runOnlyForDeploymentPostprocessing = 0;
		};
/* End PBXResourcesBuildPhase section */

/* Begin PBXSourcesBuildPhase section */
		FEE00471282C39D500436A96 /* Sources */ = {
			isa = PBXSourcesBuildPhase;
			buildActionMask = 2147483647;
			files = (
				FEE00483282C39D500436A96 /* MatrixTrainingApp.xcdatamodeld in Sources */,
				FEE00479282C39D500436A96 /* AppDelegate.swift in Sources */,
				FEE00490282CE9C100436A96 /* SecondViewController.swift in Sources */,
				FE85FC702840B20200A774CA /* ThirdViewController.swift in Sources */,
				FEE0047B282C39D500436A96 /* SceneDelegate.swift in Sources */,
			);
			runOnlyForDeploymentPostprocessing = 0;
		};
/* End PBXSourcesBuildPhase section */

/* Begin PBXVariantGroup section */
		FEE0047E282C39D500436A96 /* Main.storyboard */ = {
			isa = PBXVariantGroup;
			children = (
				FEE0047F282C39D500436A96 /* Base */,
			);
			name = Main.storyboard;
			sourceTree = "<group>";
		};
		FEE00486282C39D700436A96 /* LaunchScreen.storyboard */ = {
			isa = PBXVariantGroup;
			children = (
				FEE00487282C39D700436A96 /* Base */,
			);
			name = LaunchScreen.storyboard;
			sourceTree = "<group>";
		};
/* End PBXVariantGroup section */

/* Begin XCBuildConfiguration section */
		FEE0048A282C39D700436A96 /* Debug */ = {
			isa = XCBuildConfiguration;
			buildSettings = {
				ALWAYS_SEARCH_USER_PATHS = NO;
				CLANG_ANALYZER_NONNULL = YES;
				CLANG_ANALYZER_NUMBER_OBJECT_CONVERSION = YES_AGGRESSIVE;
				CLANG_CXX_LANGUAGE_STANDARD = "gnu++17";
				CLANG_CXX_LIBRARY = "libc++";
				CLANG_ENABLE_MODULES = YES;
				CLANG_ENABLE_OBJC_ARC = YES;
				CLANG_ENABLE_OBJC_WEAK = YES;
				CLANG_WARN_BLOCK_CAPTURE_AUTORELEASING = YES;
				CLANG_WARN_BOOL_CONVERSION = YES;
				CLANG_WARN_COMMA = YES;
				CLANG_WARN_CONSTANT_CONVERSION = YES;
				CLANG_WARN_DEPRECATED_OBJC_IMPLEMENTATIONS = YES;
				CLANG_WARN_DIRECT_OBJC_ISA_USAGE = YES_ERROR;
				CLANG_WARN_DOCUMENTATION_COMMENTS = YES;
				CLANG_WARN_EMPTY_BODY = YES;
				CLANG_WARN_ENUM_CONVERSION = YES;
				CLANG_WARN_INFINITE_RECURSION = YES;
				CLANG_WARN_INT_CONVERSION = YES;
				CLANG_WARN_NON_LITERAL_NULL_CONVERSION = YES;
				CLANG_WARN_OBJC_IMPLICIT_RETAIN_SELF = YES;
				CLANG_WARN_OBJC_LITERAL_CONVERSION = YES;
				CLANG_WARN_OBJC_ROOT_CLASS = YES_ERROR;
				CLANG_WARN_QUOTED_INCLUDE_IN_FRAMEWORK_HEADER = YES;
				CLANG_WARN_RANGE_LOOP_ANALYSIS = YES;
				CLANG_WARN_STRICT_PROTOTYPES = YES;
				CLANG_WARN_SUSPICIOUS_MOVE = YES;
				CLANG_WARN_UNGUARDED_AVAILABILITY = YES_AGGRESSIVE;
				CLANG_WARN_UNREACHABLE_CODE = YES;
				CLANG_WARN__DUPLICATE_METHOD_MATCH = YES;
				COPY_PHASE_STRIP = NO;
				DEBUG_INFORMATION_FORMAT = dwarf;
				ENABLE_STRICT_OBJC_MSGSEND = YES;
				ENABLE_TESTABILITY = YES;
				GCC_C_LANGUAGE_STANDARD = gnu11;
				GCC_DYNAMIC_NO_PIC = NO;
				GCC_NO_COMMON_BLOCKS = YES;
				GCC_OPTIMIZATION_LEVEL = 0;
				GCC_PREPROCESSOR_DEFINITIONS = (
					"DEBUG=1",
					"$(inherited)",
				);
				GCC_WARN_64_TO_32_BIT_CONVERSION = YES;
				GCC_WARN_ABOUT_RETURN_TYPE = YES_ERROR;
				GCC_WARN_UNDECLARED_SELECTOR = YES;
				GCC_WARN_UNINITIALIZED_AUTOS = YES_AGGRESSIVE;
				GCC_WARN_UNUSED_FUNCTION = YES;
				GCC_WARN_UNUSED_VARIABLE = YES;
				IPHONEOS_DEPLOYMENT_TARGET = 15.2;
				MTL_ENABLE_DEBUG_INFO = INCLUDE_SOURCE;
				MTL_FAST_MATH = YES;
				ONLY_ACTIVE_ARCH = YES;
				SDKROOT = iphoneos;
				SWIFT_ACTIVE_COMPILATION_CONDITIONS = DEBUG;
				SWIFT_OPTIMIZATION_LEVEL = "-Onone";
			};
			name = Debug;
		};
		FEE0048B282C39D700436A96 /* Release */ = {
			isa = XCBuildConfiguration;
			buildSettings = {
				ALWAYS_SEARCH_USER_PATHS = NO;
				CLANG_ANALYZER_NONNULL = YES;
				CLANG_ANALYZER_NUMBER_OBJECT_CONVERSION = YES_AGGRESSIVE;
				CLANG_CXX_LANGUAGE_STANDARD = "gnu++17";
				CLANG_CXX_LIBRARY = "libc++";
				CLANG_ENABLE_MODULES = YES;
				CLANG_ENABLE_OBJC_ARC = YES;
				CLANG_ENABLE_OBJC_WEAK = YES;
				CLANG_WARN_BLOCK_CAPTURE_AUTORELEASING = YES;
				CLANG_WARN_BOOL_CONVERSION = YES;
				CLANG_WARN_COMMA = YES;
				CLANG_WARN_CONSTANT_CONVERSION = YES;
				CLANG_WARN_DEPRECATED_OBJC_IMPLEMENTATIONS = YES;
				CLANG_WARN_DIRECT_OBJC_ISA_USAGE = YES_ERROR;
				CLANG_WARN_DOCUMENTATION_COMMENTS = YES;
				CLANG_WARN_EMPTY_BODY = YES;
				CLANG_WARN_ENUM_CONVERSION = YES;
				CLANG_WARN_INFINITE_RECURSION = YES;
				CLANG_WARN_INT_CONVERSION = YES;
				CLANG_WARN_NON_LITERAL_NULL_CONVERSION = YES;
				CLANG_WARN_OBJC_IMPLICIT_RETAIN_SELF = YES;
				CLANG_WARN_OBJC_LITERAL_CONVERSION = YES;
				CLANG_WARN_OBJC_ROOT_CLASS = YES_ERROR;
				CLANG_WARN_QUOTED_INCLUDE_IN_FRAMEWORK_HEADER = YES;
				CLANG_WARN_RANGE_LOOP_ANALYSIS = YES;
				CLANG_WARN_STRICT_PROTOTYPES = YES;
				CLANG_WARN_SUSPICIOUS_MOVE = YES;
				CLANG_WARN_UNGUARDED_AVAILABILITY = YES_AGGRESSIVE;
				CLANG_WARN_UNREACHABLE_CODE = YES;
				CLANG_WARN__DUPLICATE_METHOD_MATCH = YES;
				COPY_PHASE_STRIP = NO;
				DEBUG_INFORMATION_FORMAT = "dwarf-with-dsym";
				ENABLE_NS_ASSERTIONS = NO;
				ENABLE_STRICT_OBJC_MSGSEND = YES;
				GCC_C_LANGUAGE_STANDARD = gnu11;
				GCC_NO_COMMON_BLOCKS = YES;
				GCC_WARN_64_TO_32_BIT_CONVERSION = YES;
				GCC_WARN_ABOUT_RETURN_TYPE = YES_ERROR;
				GCC_WARN_UNDECLARED_SELECTOR = YES;
				GCC_WARN_UNINITIALIZED_AUTOS = YES_AGGRESSIVE;
				GCC_WARN_UNUSED_FUNCTION = YES;
				GCC_WARN_UNUSED_VARIABLE = YES;
				IPHONEOS_DEPLOYMENT_TARGET = 15.2;
				MTL_ENABLE_DEBUG_INFO = NO;
				MTL_FAST_MATH = YES;
				SDKROOT = iphoneos;
				SWIFT_COMPILATION_MODE = wholemodule;
				SWIFT_OPTIMIZATION_LEVEL = "-O";
				VALIDATE_PRODUCT = YES;
			};
			name = Release;
		};
		FEE0048D282C39D700436A96 /* Debug */ = {
			isa = XCBuildConfiguration;
			buildSettings = {
				ASSETCATALOG_COMPILER_APPICON_NAME = AppIcon;
				ASSETCATALOG_COMPILER_GLOBAL_ACCENT_COLOR_NAME = AccentColor;
				CODE_SIGN_STYLE = Automatic;
				CURRENT_PROJECT_VERSION = 1;
				DEVELOPMENT_TEAM = 4MPQ24KX7Y;
				GENERATE_INFOPLIST_FILE = YES;
				INFOPLIST_FILE = MatrixTrainingApp/Info.plist;
				INFOPLIST_KEY_CFBundleDisplayName = Matrix;
				INFOPLIST_KEY_NSMainStoryboardFile = Main;
				INFOPLIST_KEY_UIApplicationSupportsIndirectInputEvents = YES;
				INFOPLIST_KEY_UILaunchStoryboardName = LaunchScreen;
				INFOPLIST_KEY_UIMainStoryboardFile = Main;
				INFOPLIST_KEY_UISupportedInterfaceOrientations = UIInterfaceOrientationPortrait;
				INFOPLIST_KEY_UISupportedInterfaceOrientations_iPad = "UIInterfaceOrientationPortrait UIInterfaceOrientationPortraitUpsideDown UIInterfaceOrientationLandscapeLeft UIInterfaceOrientationLandscapeRight";
				INFOPLIST_KEY_UISupportedInterfaceOrientations_iPhone = "UIInterfaceOrientationPortrait UIInterfaceOrientationLandscapeLeft UIInterfaceOrientationLandscapeRight";
				IPHONEOS_DEPLOYMENT_TARGET = 15.4;
				LD_RUNPATH_SEARCH_PATHS = (
					"$(inherited)",
					"@executable_path/Frameworks",
				);
				MARKETING_VERSION = 1.0;
				PRODUCT_BUNDLE_IDENTIFIER = RutraVolalib.MatrixTrainingApp;
				PRODUCT_NAME = "$(TARGET_NAME)";
				SWIFT_EMIT_LOC_STRINGS = YES;
				SWIFT_VERSION = 5.0;
				TARGETED_DEVICE_FAMILY = 1;
			};
			name = Debug;
		};
		FEE0048E282C39D700436A96 /* Release */ = {
			isa = XCBuildConfiguration;
			buildSettings = {
				ASSETCATALOG_COMPILER_APPICON_NAME = AppIcon;
				ASSETCATALOG_COMPILER_GLOBAL_ACCENT_COLOR_NAME = AccentColor;
				CODE_SIGN_STYLE = Automatic;
				CURRENT_PROJECT_VERSION = 1;
				DEVELOPMENT_TEAM = 4MPQ24KX7Y;
				GENERATE_INFOPLIST_FILE = YES;
				INFOPLIST_FILE = MatrixTrainingApp/Info.plist;
				INFOPLIST_KEY_CFBundleDisplayName = Matrix;
				INFOPLIST_KEY_NSMainStoryboardFile = Main;
				INFOPLIST_KEY_UIApplicationSupportsIndirectInputEvents = YES;
				INFOPLIST_KEY_UILaunchStoryboardName = LaunchScreen;
				INFOPLIST_KEY_UIMainStoryboardFile = Main;
				INFOPLIST_KEY_UISupportedInterfaceOrientations = UIInterfaceOrientationPortrait;
				INFOPLIST_KEY_UISupportedInterfaceOrientations_iPad = "UIInterfaceOrientationPortrait UIInterfaceOrientationPortraitUpsideDown UIInterfaceOrientationLandscapeLeft UIInterfaceOrientationLandscapeRight";
				INFOPLIST_KEY_UISupportedInterfaceOrientations_iPhone = "UIInterfaceOrientationPortrait UIInterfaceOrientationLandscapeLeft UIInterfaceOrientationLandscapeRight";
				IPHONEOS_DEPLOYMENT_TARGET = 15.4;
				LD_RUNPATH_SEARCH_PATHS = (
					"$(inherited)",
					"@executable_path/Frameworks",
				);
				MARKETING_VERSION = 1.0;
				PRODUCT_BUNDLE_IDENTIFIER = RutraVolalib.MatrixTrainingApp;
				PRODUCT_NAME = "$(TARGET_NAME)";
				SWIFT_EMIT_LOC_STRINGS = YES;
				SWIFT_VERSION = 5.0;
				TARGETED_DEVICE_FAMILY = 1;
			};
			name = Release;
		};
/* End XCBuildConfiguration section */

/* Begin XCConfigurationList section */
		FEE00470282C39D500436A96 /* Build configuration list for PBXProject "MatrixTrainingApp" */ = {
			isa = XCConfigurationList;
			buildConfigurations = (
				FEE0048A282C39D700436A96 /* Debug */,
				FEE0048B282C39D700436A96 /* Release */,
			);
			defaultConfigurationIsVisible = 0;
			defaultConfigurationName = Release;
		};
		FEE0048C282C39D700436A96 /* Build configuration list for PBXNativeTarget "MatrixTrainingApp" */ = {
			isa = XCConfigurationList;
			buildConfigurations = (
				FEE0048D282C39D700436A96 /* Debug */,
				FEE0048E282C39D700436A96 /* Release */,
			);
			defaultConfigurationIsVisible = 0;
			defaultConfigurationName = Release;
		};
/* End XCConfigurationList section */

/* Begin XCVersionGroup section */
		FEE00481282C39D500436A96 /* MatrixTrainingApp.xcdatamodeld */ = {
			isa = XCVersionGroup;
			children = (
				FEE00482282C39D500436A96 /* MatrixTrainingApp.xcdatamodel */,
			);
			currentVersion = FEE00482282C39D500436A96 /* MatrixTrainingApp.xcdatamodel */;
			path = MatrixTrainingApp.xcdatamodeld;
			sourceTree = "<group>";
			versionGroupType = wrapper.xcdatamodel;
		};
/* End XCVersionGroup section */
	};
	rootObject = FEE0046D282C39D500436A96 /* Project object */;
}
